
Microsoft Visual Studio Solution File, Format Version 12.00
# Visual Studio Version 17
VisualStudioVersion = 17.9.34728.123
MinimumVisualStudioVersion = 10.0.40219.1
Project("{FAE04EC0-301F-11D3-BF4B-00C04F79EFBC}") = "TicTacToe", "TicTacToe.csproj", "{648FC299-4115-44CE-9C12-7F9D3E159CF9}"
EndProject
Global
	GlobalSection(SolutionConfigurationPlatforms) = preSolution
		Debug|Any CPU = Debug|Any CPU
		Release|Any CPU = Release|Any CPU
	EndGlobalSection
	GlobalSection(ProjectConfigurationPlatforms) = postSolution
		{648FC299-4115-44CE-9C12-7F9D3E159CF9}.Debug|Any CPU.ActiveCfg = Debug|Any CPU
		{648FC299-4115-44CE-9C12-7F9D3E159CF9}.Debug|Any CPU.Build.0 = Debug|Any CPU
		{648FC299-4115-44CE-9C12-7F9D3E159CF9}.Release|Any CPU.ActiveCfg = Release|Any CPU
		{648FC299-4115-44CE-9C12-7F9D3E159CF9}.Release|Any CPU.Build.0 = Release|Any CPU
	EndGlobalSection
	GlobalSection(SolutionProperties) = preSolution
		HideSolutionNode = FALSE
	EndGlobalSection
	GlobalSection(ExtensibilityGlobals) = postSolution
		SolutionGuid = {12B111BB-51C6-40F5-B08D-DAA147980D19}
	EndGlobalSection
EndGlobal
